
Microsoft Visual Studio Solution File, Format Version 12.00
# Visual Studio 15
VisualStudioVersion = 15.0.26430.6
MinimumVisualStudioVersion = 10.0.40219.1
Project("{FAE04EC0-301F-11D3-BF4B-00C04F79EFBC}") = "TestTask", "TestTask\TestTask.csproj", "{02005F58-2EAB-419D-91D3-A3F01016C7BB}"
EndProject
Global
	GlobalSection(SolutionConfigurationPlatforms) = preSolution
		Debug|Any CPU = Debug|Any CPU
		Release|Any CPU = Release|Any CPU
	EndGlobalSection
	GlobalSection(ProjectConfigurationPlatforms) = postSolution
		{02005F58-2EAB-419D-91D3-A3F01016C7BB}.Debug|Any CPU.ActiveCfg = Debug|Any CPU
		{02005F58-2EAB-419D-91D3-A3F01016C7BB}.Debug|Any CPU.Build.0 = Debug|Any CPU
		{02005F58-2EAB-419D-91D3-A3F01016C7BB}.Release|Any CPU.ActiveCfg = Release|Any CPU
		{02005F58-2EAB-419D-91D3-A3F01016C7BB}.Release|Any CPU.Build.0 = Release|Any CPU
	EndGlobalSection
	GlobalSection(SolutionProperties) = preSolution
		HideSolutionNode = FALSE
	EndGlobalSection
EndGlobal
